
Microsoft Visual Studio Solution File, Format Version 12.00
# Visual Studio Version 17
VisualStudioVersion = 17.10.34928.147
MinimumVisualStudioVersion = 10.0.40219.1
Project("{FAE04EC0-301F-11D3-BF4B-00C04F79EFBC}") = "HttpGetUrl", "HttpGetUrl\HttpGetUrl.csproj", "{DA933953-EAE8-446A-B1FA-0AC74B61D7CC}"
EndProject
Global
	GlobalSection(SolutionConfigurationPlatforms) = preSolution
		Debug|Any CPU = Debug|Any CPU
		Release|Any CPU = Release|Any CPU
	EndGlobalSection
	GlobalSection(ProjectConfigurationPlatforms) = postSolution
		{DA933953-EAE8-446A-B1FA-0AC74B61D7CC}.Debug|Any CPU.ActiveCfg = Debug|Any CPU
		{DA933953-EAE8-446A-B1FA-0AC74B61D7CC}.Debug|Any CPU.Build.0 = Debug|Any CPU
		{DA933953-EAE8-446A-B1FA-0AC74B61D7CC}.Release|Any CPU.ActiveCfg = Release|Any CPU
		{DA933953-EAE8-446A-B1FA-0AC74B61D7CC}.Release|Any CPU.Build.0 = Release|Any CPU
	EndGlobalSection
	GlobalSection(SolutionProperties) = preSolution
		HideSolutionNode = FALSE
	EndGlobalSection
	GlobalSection(ExtensibilityGlobals) = postSolution
		SolutionGuid = {43322506-562C-4CCB-92CC-7FAF9EC44E1D}
	EndGlobalSection
EndGlobal
